github.com/rushteam/beauty/contrib/llm v0.8.6 h1:kmv+VBf8N5uHddiHRQ+HU79Hw0tBanrTynB1yCS87M0=
github.com/rushteam/beauty/contrib/llm v0.8.6/go.mod h1:DYm+QoVxHf1b58lDFJjd8xEotAPmnYgCFG+/sZMGicM=
github.com/rushteam/beauty/contrib/vector v0.8.6 h1:r3s/M3JiJHECx9ky/qKIezFypsT/OcOxKZ0IpDuyZuo=
github.com/rushteam/beauty/contrib/vector v0.8.6/go.mod h1:y31/us+/jKuWd4o0p8bcJ40S7l27HCwWTrPVOVGfwI0=
